// !$*UTF8*$!
{
	archiveVersion = 1;
	classes = {
	};
	objectVersion = 48;
	objects = {

/* Begin PBXBuildFile section */
		5DF06C5D1F96467100056B76 /* AppDelegate.swift in Sources */ = {isa = PBXBuildFile; fileRef = 5DF06C5C1F96467100056B76 /* AppDelegate.swift */; };
		5DF06C5F1F96467100056B76 /* ViewController.swift in Sources */ = {isa = PBXBuildFile; fileRef = 5DF06C5E1F96467100056B76 /* ViewController.swift */; };
		5DF06C621F96467100056B76 /* Main.storyboard in Resources */ = {isa = PBXBuildFile; fileRef = 5DF06C601F96467100056B76 /* Main.storyboard */; };
		5DF06C641F96467100056B76 /* Assets.xcassets in Resources */ = {isa = PBXBuildFile; fileRef = 5DF06C631F96467100056B76 /* Assets.xcassets */; };
		5DF06C671F96467100056B76 /* LaunchScreen.storyboard in Resources */ = {isa = PBXBuildFile; fileRef = 5DF06C651F96467100056B76 /* LaunchScreen.storyboard */; };
		5DF06C721F96467200056B76 /* SQLite_pruebaTests.swift in Sources */ = {isa = PBXBuildFile; fileRef = 5DF06C711F96467200056B76 /* SQLite_pruebaTests.swift */; };
		5DF06C7D1F96467200056B76 /* SQLite_pruebaUITests.swift in Sources */ = {isa = PBXBuildFile; fileRef = 5DF06C7C1F96467200056B76 /* SQLite_pruebaUITests.swift */; };
		5DF06CA31F96487600056B76 /* SQLite.framework in Frameworks */ = {isa = PBXBuildFile; fileRef = 5DF06C951F9647FA00056B76 /* SQLite.framework */; };
		5DF06CA41F96489F00056B76 /* SQLite.framework in Frameworks */ = {isa = PBXBuildFile; fileRef = 5DF06C951F9647FA00056B76 /* SQLite.framework */; };
		5DF06CA51F96489F00056B76 /* SQLite.framework in Embed Frameworks */ = {isa = PBXBuildFile; fileRef = 5DF06C951F9647FA00056B76 /* SQLite.framework */; settings = {ATTRIBUTES = (CodeSignOnCopy, RemoveHeadersOnCopy, ); }; };
/* End PBXBuildFile section */

/* Begin PBXContainerItemProxy section */
		5DF06C6E1F96467200056B76 /* PBXContainerItemProxy */ = {
			isa = PBXContainerItemProxy;
			containerPortal = 5DF06C511F96467100056B76 /* Project object */;
			proxyType = 1;
			remoteGlobalIDString = 5DF06C581F96467100056B76;
			remoteInfo = "SQLite prueba";
		};
		5DF06C791F96467200056B76 /* PBXContainerItemProxy */ = {
			isa = PBXContainerItemProxy;
			containerPortal = 5DF06C511F96467100056B76 /* Project object */;
			proxyType = 1;
			remoteGlobalIDString = 5DF06C581F96467100056B76;
			remoteInfo = "SQLite prueba";
		};
		5DF06C941F9647FA00056B76 /* PBXContainerItemProxy */ = {
			isa = PBXContainerItemProxy;
			containerPortal = 5DF06C8A1F9647F900056B76 /* SQLite.xcodeproj */;
			proxyType = 2;
			remoteGlobalIDString = EE247AD31C3F04ED00AE3E12;
			remoteInfo = "SQLite iOS";
		};
		5DF06C961F9647FA00056B76 /* PBXContainerItemProxy */ = {
			isa = PBXContainerItemProxy;
			containerPortal = 5DF06C8A1F9647F900056B76 /* SQLite.xcodeproj */;
			proxyType = 2;
			remoteGlobalIDString = EE247ADD1C3F04ED00AE3E12;
			remoteInfo = "SQLiteTests iOS";
		};
		5DF06C981F9647FA00056B76 /* PBXContainerItemProxy */ = {
			isa = PBXContainerItemProxy;
			containerPortal = 5DF06C8A1F9647F900056B76 /* SQLite.xcodeproj */;
			proxyType = 2;
			remoteGlobalIDString = EE247B3C1C3F3ED000AE3E12;
			remoteInfo = "SQLite Mac";
		};
		5DF06C9A1F9647FA00056B76 /* PBXContainerItemProxy */ = {
			isa = PBXContainerItemProxy;
			containerPortal = 5DF06C8A1F9647F900056B76 /* SQLite.xcodeproj */;
			proxyType = 2;
			remoteGlobalIDString = EE247B451C3F3ED000AE3E12;
			remoteInfo = "SQLiteTests Mac";
		};
		5DF06C9C1F9647FA00056B76 /* PBXContainerItemProxy */ = {
			isa = PBXContainerItemProxy;
			containerPortal = 5DF06C8A1F9647F900056B76 /* SQLite.xcodeproj */;
			proxyType = 2;
			remoteGlobalIDString = 03A65E5A1C6BB0F50062603F;
			remoteInfo = "SQLite tvOS";
		};
		5DF06C9E1F9647FA00056B76 /* PBXContainerItemProxy */ = {
			isa = PBXContainerItemProxy;
			containerPortal = 5DF06C8A1F9647F900056B76 /* SQLite.xcodeproj */;
			proxyType = 2;
			remoteGlobalIDString = 03A65E631C6BB0F60062603F;
			remoteInfo = "SQLiteTests tvOS";
		};
		5DF06CA01F9647FA00056B76 /* PBXContainerItemProxy */ = {
			isa = PBXContainerItemProxy;
			containerPortal = 5DF06C8A1F9647F900056B76 /* SQLite.xcodeproj */;
			proxyType = 2;
			remoteGlobalIDString = A121AC451CA35C79005A31D1;
			remoteInfo = "SQLite watchOS";
		};
		5DF06CA61F96489F00056B76 /* PBXContainerItemProxy */ = {
			isa = PBXContainerItemProxy;
			containerPortal = 5DF06C8A1F9647F900056B76 /* SQLite.xcodeproj */;
			proxyType = 1;
			remoteGlobalIDString = EE247AD21C3F04ED00AE3E12;
			remoteInfo = "SQLite iOS";
		};
/* End PBXContainerItemProxy section */

/* Begin PBXCopyFilesBuildPhase section */
		5DF06CA81F96489F00056B76 /* Embed Frameworks */ = {
			isa = PBXCopyFilesBuildPhase;
			buildActionMask = 2147483647;
			dstPath = "";
			dstSubfolderSpec = 10;
			files = (
				5DF06CA51F96489F00056B76 /* SQLite.framework in Embed Frameworks */,
			);
			name = "Embed Frameworks";
			runOnlyForDeploymentPostprocessing = 0;
		};
/* End PBXCopyFilesBuildPhase section */

/* Begin PBXFileReference section */
		5DF06C591F96467100056B76 /* SQLite prueba.app */ = {isa = PBXFileReference; explicitFileType = wrapper.application; includeInIndex = 0; path = "SQLite prueba.app"; sourceTree = BUILT_PRODUCTS_DIR; };
		5DF06C5C1F96467100056B76 /* AppDelegate.swift */ = {isa = PBXFileReference; lastKnownFileType = sourcecode.swift; path = AppDelegate.swift; sourceTree = "<group>"; };
		5DF06C5E1F96467100056B76 /* ViewController.swift */ = {isa = PBXFileReference; lastKnownFileType = sourcecode.swift; path = ViewController.swift; sourceTree = "<group>"; };
		5DF06C611F96467100056B76 /* Base */ = {isa = PBXFileReference; lastKnownFileType = file.storyboard; name = Base; path = Base.lproj/Main.storyboard; sourceTree = "<group>"; };
		5DF06C631F96467100056B76 /* Assets.xcassets */ = {isa = PBXFileReference; lastKnownFileType = folder.assetcatalog; path = Assets.xcassets; sourceTree = "<group>"; };
		5DF06C661F96467100056B76 /* Base */ = {isa = PBXFileReference; lastKnownFileType = file.storyboard; name = Base; path = Base.lproj/LaunchScreen.storyboard; sourceTree = "<group>"; };
		5DF06C681F96467100056B76 /* Info.plist */ = {isa = PBXFileReference; lastKnownFileType = text.plist.xml; path = Info.plist; sourceTree = "<group>"; };
		5DF06C6D1F96467200056B76 /* SQLite pruebaTests.xctest */ = {isa = PBXFileReference; explicitFileType = wrapper.cfbundle; includeInIndex = 0; path = "SQLite pruebaTests.xctest"; sourceTree = BUILT_PRODUCTS_DIR; };
		5DF06C711F96467200056B76 /* SQLite_pruebaTests.swift */ = {isa = PBXFileReference; lastKnownFileType = sourcecode.swift; path = SQLite_pruebaTests.swift; sourceTree = "<group>"; };
		5DF06C731F96467200056B76 /* Info.plist */ = {isa = PBXFileReference; lastKnownFileType = text.plist.xml; path = Info.plist; sourceTree = "<group>"; };
		5DF06C781F96467200056B76 /* SQLite pruebaUITests.xctest */ = {isa = PBXFileReference; explicitFileType = wrapper.cfbundle; includeInIndex = 0; path = "SQLite pruebaUITests.xctest"; sourceTree = BUILT_PRODUCTS_DIR; };
		5DF06C7C1F96467200056B76 /* SQLite_pruebaUITests.swift */ = {isa = PBXFileReference; lastKnownFileType = sourcecode.swift; path = SQLite_pruebaUITests.swift; sourceTree = "<group>"; };
		5DF06C7E1F96467200056B76 /* Info.plist */ = {isa = PBXFileReference; lastKnownFileType = text.plist.xml; path = Info.plist; sourceTree = "<group>"; };
		5DF06C8A1F9647F900056B76 /* SQLite.xcodeproj */ = {isa = PBXFileReference; lastKnownFileType = "wrapper.pb-project"; name = SQLite.xcodeproj; path = "SQLite.swift-master/SQLite.xcodeproj"; sourceTree = "<group>"; };
/* End PBXFileReference section */

/* Begin PBXFrameworksBuildPhase section */
		5DF06C561F96467100056B76 /* Frameworks */ = {
			isa = PBXFrameworksBuildPhase;
			buildActionMask = 2147483647;
			files = (
				5DF06CA41F96489F00056B76 /* SQLite.framework in Frameworks */,
				5DF06CA31F96487600056B76 /* SQLite.framework in Frameworks */,
			);
			runOnlyForDeploymentPostprocessing = 0;
		};
		5DF06C6A1F96467200056B76 /* Frameworks */ = {
			isa = PBXFrameworksBuildPhase;
			buildActionMask = 2147483647;
			files = (
			);
			runOnlyForDeploymentPostprocessing = 0;
		};
		5DF06C751F96467200056B76 /* Frameworks */ = {
			isa = PBXFrameworksBuildPhase;
			buildActionMask = 2147483647;
			files = (
			);
			runOnlyForDeploymentPostprocessing = 0;
		};
/* End PBXFrameworksBuildPhase section */

/* Begin PBXGroup section */
		5DF06C501F96467100056B76 = {
			isa = PBXGroup;
			children = (
				5DF06C5B1F96467100056B76 /* SQLite prueba */,
				5DF06C701F96467200056B76 /* SQLite pruebaTests */,
				5DF06C7B1F96467200056B76 /* SQLite pruebaUITests */,
				5DF06C5A1F96467100056B76 /* Products */,
				5DF06C8A1F9647F900056B76 /* SQLite.xcodeproj */,
				5DF06CA21F96487600056B76 /* Frameworks */,
			);
			sourceTree = "<group>";
		};
		5DF06C5A1F96467100056B76 /* Products */ = {
			isa = PBXGroup;
			children = (
				5DF06C591F96467100056B76 /* SQLite prueba.app */,
				5DF06C6D1F96467200056B76 /* SQLite pruebaTests.xctest */,
				5DF06C781F96467200056B76 /* SQLite pruebaUITests.xctest */,
			);
			name = Products;
			sourceTree = "<group>";
		};
		5DF06C5B1F96467100056B76 /* SQLite prueba */ = {
			isa = PBXGroup;
			children = (
				5DF06C5C1F96467100056B76 /* AppDelegate.swift */,
				5DF06C5E1F96467100056B76 /* ViewController.swift */,
				5DF06C601F96467100056B76 /* Main.storyboard */,
				5DF06C631F96467100056B76 /* Assets.xcassets */,
				5DF06C651F96467100056B76 /* LaunchScreen.storyboard */,
				5DF06C681F96467100056B76 /* Info.plist */,
			);
			path = "SQLite prueba";
			sourceTree = "<group>";
		};
		5DF06C701F96467200056B76 /* SQLite pruebaTests */ = {
			isa = PBXGroup;
			children = (
				5DF06C711F96467200056B76 /* SQLite_pruebaTests.swift */,
				5DF06C731F96467200056B76 /* Info.plist */,
			);
			path = "SQLite pruebaTests";
			sourceTree = "<group>";
		};
		5DF06C7B1F96467200056B76 /* SQLite pruebaUITests */ = {
			isa = PBXGroup;
			children = (
				5DF06C7C1F96467200056B76 /* SQLite_pruebaUITests.swift */,
				5DF06C7E1F96467200056B76 /* Info.plist */,
			);
			path = "SQLite pruebaUITests";
			sourceTree = "<group>";
		};
		5DF06C8B1F9647F900056B76 /* Products */ = {
			isa = PBXGroup;
			children = (
				5DF06C951F9647FA00056B76 /* SQLite.framework */,
				5DF06C971F9647FA00056B76 /* SQLiteTests iOS.xctest */,
				5DF06C991F9647FA00056B76 /* SQLite.framework */,
				5DF06C9B1F9647FA00056B76 /* SQLiteTests Mac.xctest */,
				5DF06C9D1F9647FA00056B76 /* SQLite.framework */,
				5DF06C9F1F9647FA00056B76 /* SQLiteTests tvOS.xctest */,
				5DF06CA11F9647FA00056B76 /* SQLite.framework */,
			);
			name = Products;
			sourceTree = "<group>";
		};
		5DF06CA21F96487600056B76 /* Frameworks */ = {
			isa = PBXGroup;
			children = (
			);
			name = Frameworks;
			sourceTree = "<group>";
		};
/* End PBXGroup section */

/* Begin PBXNativeTarget section */
		5DF06C581F96467100056B76 /* SQLite prueba */ = {
			isa = PBXNativeTarget;
			buildConfigurationList = 5DF06C811F96467200056B76 /* Build configuration list for PBXNativeTarget "SQLite prueba" */;
			buildPhases = (
				5DF06C551F96467100056B76 /* Sources */,
				5DF06C561F96467100056B76 /* Frameworks */,
				5DF06C571F96467100056B76 /* Resources */,
				5DF06CA81F96489F00056B76 /* Embed Frameworks */,
			);
			buildRules = (
			);
			dependencies = (
				5DF06CA71F96489F00056B76 /* PBXTargetDependency */,
			);
			name = "SQLite prueba";
			productName = "SQLite prueba";
			productReference = 5DF06C591F96467100056B76 /* SQLite prueba.app */;
			productType = "com.apple.product-type.application";
		};
		5DF06C6C1F96467200056B76 /* SQLite pruebaTests */ = {
			isa = PBXNativeTarget;
			buildConfigurationList = 5DF06C841F96467200056B76 /* Build configuration list for PBXNativeTarget "SQLite pruebaTests" */;
			buildPhases = (
				5DF06C691F96467200056B76 /* Sources */,
				5DF06C6A1F96467200056B76 /* Frameworks */,
				5DF06C6B1F96467200056B76 /* Resources */,
			);
			buildRules = (
			);
			dependencies = (
				5DF06C6F1F96467200056B76 /* PBXTargetDependency */,
			);
			name = "SQLite pruebaTests";
			productName = "SQLite pruebaTests";
			productReference = 5DF06C6D1F96467200056B76 /* SQLite pruebaTests.xctest */;
			productType = "com.apple.product-type.bundle.unit-test";
		};
		5DF06C771F96467200056B76 /* SQLite pruebaUITests */ = {
			isa = PBXNativeTarget;
			buildConfigurationList = 5DF06C871F96467200056B76 /* Build configuration list for PBXNativeTarget "SQLite pruebaUITests" */;
			buildPhases = (
				5DF06C741F96467200056B76 /* Sources */,
				5DF06C751F96467200056B76 /* Frameworks */,
				5DF06C761F96467200056B76 /* Resources */,
			);
			buildRules = (
			);
			dependencies = (
				5DF06C7A1F96467200056B76 /* PBXTargetDependency */,
			);
			name = "SQLite pruebaUITests";
			productName = "SQLite pruebaUITests";
			productReference = 5DF06C781F96467200056B76 /* SQLite pruebaUITests.xctest */;
			productType = "com.apple.product-type.bundle.ui-testing";
		};
/* End PBXNativeTarget section */

/* Begin PBXProject section */
		5DF06C511F96467100056B76 /* Project object */ = {
			isa = PBXProject;
			attributes = {
				LastSwiftUpdateCheck = 0900;
				LastUpgradeCheck = 0900;
				ORGANIZATIONNAME = 7k;
				TargetAttributes = {
					5DF06C581F96467100056B76 = {
						CreatedOnToolsVersion = 9.0;
						ProvisioningStyle = Automatic;
					};
					5DF06C6C1F96467200056B76 = {
						CreatedOnToolsVersion = 9.0;
						ProvisioningStyle = Automatic;
						TestTargetID = 5DF06C581F96467100056B76;
					};
					5DF06C771F96467200056B76 = {
						CreatedOnToolsVersion = 9.0;
						ProvisioningStyle = Automatic;
						TestTargetID = 5DF06C581F96467100056B76;
					};
				};
			};
			buildConfigurationList = 5DF06C541F96467100056B76 /* Build configuration list for PBXProject "SQLite prueba" */;
			compatibilityVersion = "Xcode 8.0";
			developmentRegion = en;
			hasScannedForEncodings = 0;
			knownRegions = (
				en,
				Base,
			);
			mainGroup = 5DF06C501F96467100056B76;
			productRefGroup = 5DF06C5A1F96467100056B76 /* Products */;
			projectDirPath = "";
			projectReferences = (
				{
					ProductGroup = 5DF06C8B1F9647F900056B76 /* Products */;
					ProjectRef = 5DF06C8A1F9647F900056B76 /* SQLite.xcodeproj */;
				},
			);
			projectRoot = "";
			targets = (
				5DF06C581F96467100056B76 /* SQLite prueba */,
				5DF06C6C1F96467200056B76 /* SQLite pruebaTests */,
				5DF06C771F96467200056B76 /* SQLite pruebaUITests */,
			);
		};
/* End PBXProject section */

/* Begin PBXReferenceProxy section */
		5DF06C951F9647FA00056B76 /* SQLite.framework */ = {
			isa = PBXReferenceProxy;
			fileType = wrapper.framework;
			path = SQLite.framework;
			remoteRef = 5DF06C941F9647FA00056B76 /* PBXContainerItemProxy */;
			sourceTree = BUILT_PRODUCTS_DIR;
		};
		5DF06C971F9647FA00056B76 /* SQLiteTests iOS.xctest */ = {
			isa = PBXReferenceProxy;
			fileType = wrapper.cfbundle;
			path = "SQLiteTests iOS.xctest";
			remoteRef = 5DF06C961F9647FA00056B76 /* PBXContainerItemProxy */;
			sourceTree = BUILT_PRODUCTS_DIR;
		};
		5DF06C991F9647FA00056B76 /* SQLite.framework */ = {
			isa = PBXReferenceProxy;
			fileType = wrapper.framework;
			path = SQLite.framework;
			remoteRef = 5DF06C981F9647FA00056B76 /* PBXContainerItemProxy */;
			sourceTree = BUILT_PRODUCTS_DIR;
		};
		5DF06C9B1F9647FA00056B76 /* SQLiteTests Mac.xctest */ = {
			isa = PBXReferenceProxy;
			fileType = wrapper.cfbundle;
			path = "SQLiteTests Mac.xctest";
			remoteRef = 5DF06C9A1F9647FA00056B76 /* PBXContainerItemProxy */;
			sourceTree = BUILT_PRODUCTS_DIR;
		};
		5DF06C9D1F9647FA00056B76 /* SQLite.framework */ = {
			isa = PBXReferenceProxy;
			fileType = wrapper.framework;
			path = SQLite.framework;
			remoteRef = 5DF06C9C1F9647FA00056B76 /* PBXContainerItemProxy */;
			sourceTree = BUILT_PRODUCTS_DIR;
		};
		5DF06C9F1F9647FA00056B76 /* SQLiteTests tvOS.xctest */ = {
			isa = PBXReferenceProxy;
			fileType = wrapper.cfbundle;
			path = "SQLiteTests tvOS.xctest";
			remoteRef = 5DF06C9E1F9647FA00056B76 /* PBXContainerItemProxy */;
			sourceTree = BUILT_PRODUCTS_DIR;
		};
		5DF06CA11F9647FA00056B76 /* SQLite.framework */ = {
			isa = PBXReferenceProxy;
			fileType = wrapper.framework;
			path = SQLite.framework;
			remoteRef = 5DF06CA01F9647FA00056B76 /* PBXContainerItemProxy */;
			sourceTree = BUILT_PRODUCTS_DIR;
		};
/* End PBXReferenceProxy section */

/* Begin PBXResourcesBuildPhase section */
		5DF06C571F96467100056B76 /* Resources */ = {
			isa = PBXResourcesBuildPhase;
			buildActionMask = 2147483647;
			files = (
				5DF06C671F96467100056B76 /* LaunchScreen.storyboard in Resources */,
				5DF06C641F96467100056B76 /* Assets.xcassets in Resources */,
				5DF06C621F96467100056B76 /* Main.storyboard in Resources */,
			);
			runOnlyForDeploymentPostprocessing = 0;
		};
		5DF06C6B1F96467200056B76 /* Resources */ = {
			isa = PBXResourcesBuildPhase;
			buildActionMask = 2147483647;
			files = (
			);
			runOnlyForDeploymentPostprocessing = 0;
		};
		5DF06C761F96467200056B76 /* Resources */ = {
			isa = PBXResourcesBuildPhase;
			buildActionMask = 2147483647;
			files = (
			);
			runOnlyForDeploymentPostprocessing = 0;
		};
/* End PBXResourcesBuildPhase section */

/* Begin PBXSourcesBuildPhase section */
		5DF06C551F96467100056B76 /* Sources */ = {
			isa = PBXSourcesBuildPhase;
			buildActionMask = 2147483647;
			files = (
				5DF06C5F1F96467100056B76 /* ViewController.swift in Sources */,
				5DF06C5D1F96467100056B76 /* AppDelegate.swift in Sources */,
			);
			runOnlyForDeploymentPostprocessing = 0;
		};
		5DF06C691F96467200056B76 /* Sources */ = {
			isa = PBXSourcesBuildPhase;
			buildActionMask = 2147483647;
			files = (
				5DF06C721F96467200056B76 /* SQLite_pruebaTests.swift in Sources */,
			);
			runOnlyForDeploymentPostprocessing = 0;
		};
		5DF06C741F96467200056B76 /* Sources */ = {
			isa = PBXSourcesBuildPhase;
			buildActionMask = 2147483647;
			files = (
				5DF06C7D1F96467200056B76 /* SQLite_pruebaUITests.swift in Sources */,
			);
			runOnlyForDeploymentPostprocessing = 0;
		};
/* End PBXSourcesBuildPhase section */

/* Begin PBXTargetDependency section */
		5DF06C6F1F96467200056B76 /* PBXTargetDependency */ = {
			isa = PBXTargetDependency;
			target = 5DF06C581F96467100056B76 /* SQLite prueba */;
			targetProxy = 5DF06C6E1F96467200056B76 /* PBXContainerItemProxy */;
		};
		5DF06C7A1F96467200056B76 /* PBXTargetDependency */ = {
			isa = PBXTargetDependency;
			target = 5DF06C581F96467100056B76 /* SQLite prueba */;
			targetProxy = 5DF06C791F96467200056B76 /* PBXContainerItemProxy */;
		};
		5DF06CA71F96489F00056B76 /* PBXTargetDependency */ = {
			isa = PBXTargetDependency;
			name = "SQLite iOS";
			targetProxy = 5DF06CA61F96489F00056B76 /* PBXContainerItemProxy */;
		};
/* End PBXTargetDependency section */

/* Begin PBXVariantGroup section */
		5DF06C601F96467100056B76 /* Main.storyboard */ = {
			isa = PBXVariantGroup;
			children = (
				5DF06C611F96467100056B76 /* Base */,
			);
			name = Main.storyboard;
			sourceTree = "<group>";
		};
		5DF06C651F96467100056B76 /* LaunchScreen.storyboard */ = {
			isa = PBXVariantGroup;
			children = (
				5DF06C661F96467100056B76 /* Base */,
			);
			name = LaunchScreen.storyboard;
			sourceTree = "<group>";
		};
/* End PBXVariantGroup section */

/* Begin XCBuildConfiguration section */
		5DF06C7F1F96467200056B76 /* Debug */ = {
			isa = XCBuildConfiguration;
			buildSettings = {
				ALWAYS_SEARCH_USER_PATHS = NO;
				CLANG_ANALYZER_NONNULL = YES;
				CLANG_ANALYZER_NUMBER_OBJECT_CONVERSION = YES_AGGRESSIVE;
				CLANG_CXX_LANGUAGE_STANDARD = "gnu++14";
				CLANG_CXX_LIBRARY = "libc++";
				CLANG_ENABLE_MODULES = YES;
				CLANG_ENABLE_OBJC_ARC = YES;
				CLANG_WARN_BLOCK_CAPTURE_AUTORELEASING = YES;
				CLANG_WARN_BOOL_CONVERSION = YES;
				CLANG_WARN_COMMA = YES;
				CLANG_WARN_CONSTANT_CONVERSION = YES;
				CLANG_WARN_DIRECT_OBJC_ISA_USAGE = YES_ERROR;
				CLANG_WARN_DOCUMENTATION_COMMENTS = YES;
				CLANG_WARN_EMPTY_BODY = YES;
				CLANG_WARN_ENUM_CONVERSION = YES;
				CLANG_WARN_INFINITE_RECURSION = YES;
				CLANG_WARN_INT_CONVERSION = YES;
				CLANG_WARN_NON_LITERAL_NULL_CONVERSION = YES;
				CLANG_WARN_OBJC_LITERAL_CONVERSION = YES;
				CLANG_WARN_OBJC_ROOT_CLASS = YES_ERROR;
				CLANG_WARN_RANGE_LOOP_ANALYSIS = YES;
				CLANG_WARN_STRICT_PROTOTYPES = YES;
				CLANG_WARN_SUSPICIOUS_MOVE = YES;
				CLANG_WARN_UNGUARDED_AVAILABILITY = YES_AGGRESSIVE;
				CLANG_WARN_UNREACHABLE_CODE = YES;
				CLANG_WARN__DUPLICATE_METHOD_MATCH = YES;
				CODE_SIGN_IDENTITY = "iPhone Developer";
				COPY_PHASE_STRIP = NO;
				DEBUG_INFORMATION_FORMAT = dwarf;
				ENABLE_STRICT_OBJC_MSGSEND = YES;
				ENABLE_TESTABILITY = YES;
				GCC_C_LANGUAGE_STANDARD = gnu11;
				GCC_DYNAMIC_NO_PIC = NO;
				GCC_NO_COMMON_BLOCKS = YES;
				GCC_OPTIMIZATION_LEVEL = 0;
				GCC_PREPROCESSOR_DEFINITIONS = (
					"DEBUG=1",
					"$(inherited)",
				);
				GCC_WARN_64_TO_32_BIT_CONVERSION = YES;
				GCC_WARN_ABOUT_RETURN_TYPE = YES_ERROR;
				GCC_WARN_UNDECLARED_SELECTOR = YES;
				GCC_WARN_UNINITIALIZED_AUTOS = YES_AGGRESSIVE;
				GCC_WARN_UNUSED_FUNCTION = YES;
				GCC_WARN_UNUSED_VARIABLE = YES;
				IPHONEOS_DEPLOYMENT_TARGET = 11.0;
				MTL_ENABLE_DEBUG_INFO = YES;
				ONLY_ACTIVE_ARCH = YES;
				SDKROOT = iphoneos;
				SWIFT_ACTIVE_COMPILATION_CONDITIONS = DEBUG;
				SWIFT_OPTIMIZATION_LEVEL = "-Onone";
			};
			name = Debug;
		};
		5DF06C801F96467200056B76 /* Release */ = {
			isa = XCBuildConfiguration;
			buildSettings = {
				ALWAYS_SEARCH_USER_PATHS = NO;
				CLANG_ANALYZER_NONNULL = YES;
				CLANG_ANALYZER_NUMBER_OBJECT_CONVERSION = YES_AGGRESSIVE;
				CLANG_CXX_LANGUAGE_STANDARD = "gnu++14";
				CLANG_CXX_LIBRARY = "libc++";
				CLANG_ENABLE_MODULES = YES;
				CLANG_ENABLE_OBJC_ARC = YES;
				CLANG_WARN_BLOCK_CAPTURE_AUTORELEASING = YES;
				CLANG_WARN_BOOL_CONVERSION = YES;
				CLANG_WARN_COMMA = YES;
				CLANG_WARN_CONSTANT_CONVERSION = YES;
				CLANG_WARN_DIRECT_OBJC_ISA_USAGE = YES_ERROR;
				CLANG_WARN_DOCUMENTATION_COMMENTS = YES;
				CLANG_WARN_EMPTY_BODY = YES;
				CLANG_WARN_ENUM_CONVERSION = YES;
				CLANG_WARN_INFINITE_RECURSION = YES;
				CLANG_WARN_INT_CONVERSION = YES;
				CLANG_WARN_NON_LITERAL_NULL_CONVERSION = YES;
				CLANG_WARN_OBJC_LITERAL_CONVERSION = YES;
				CLANG_WARN_OBJC_ROOT_CLASS = YES_ERROR;
				CLANG_WARN_RANGE_LOOP_ANALYSIS = YES;
				CLANG_WARN_STRICT_PROTOTYPES = YES;
				CLANG_WARN_SUSPICIOUS_MOVE = YES;
				CLANG_WARN_UNGUARDED_AVAILABILITY = YES_AGGRESSIVE;
				CLANG_WARN_UNREACHABLE_CODE = YES;
				CLANG_WARN__DUPLICATE_METHOD_MATCH = YES;
				CODE_SIGN_IDENTITY = "iPhone Developer";
				COPY_PHASE_STRIP = NO;
				DEBUG_INFORMATION_FORMAT = "dwarf-with-dsym";
				ENABLE_NS_ASSERTIONS = NO;
				ENABLE_STRICT_OBJC_MSGSEND = YES;
				GCC_C_LANGUAGE_STANDARD = gnu11;
				GCC_NO_COMMON_BLOCKS = YES;
				GCC_WARN_64_TO_32_BIT_CONVERSION = YES;
				GCC_WARN_ABOUT_RETURN_TYPE = YES_ERROR;
				GCC_WARN_UNDECLARED_SELECTOR = YES;
				GCC_WARN_UNINITIALIZED_AUTOS = YES_AGGRESSIVE;
				GCC_WARN_UNUSED_FUNCTION = YES;
				GCC_WARN_UNUSED_VARIABLE = YES;
				IPHONEOS_DEPLOYMENT_TARGET = 11.0;
				MTL_ENABLE_DEBUG_INFO = NO;
				SDKROOT = iphoneos;
				SWIFT_OPTIMIZATION_LEVEL = "-Owholemodule";
				VALIDATE_PRODUCT = YES;
			};
			name = Release;
		};
		5DF06C821F96467200056B76 /* Debug */ = {
			isa = XCBuildConfiguration;
			buildSettings = {
				ALWAYS_EMBED_SWIFT_STANDARD_LIBRARIES = YES;
				ASSETCATALOG_COMPILER_APPICON_NAME = AppIcon;
				CODE_SIGN_STYLE = Automatic;
				INFOPLIST_FILE = "SQLite prueba/Info.plist";
				LD_RUNPATH_SEARCH_PATHS = "$(inherited) @executable_path/Frameworks";
				PRODUCT_BUNDLE_IDENTIFIER = "fff.SQLite-prueba";
				PRODUCT_NAME = "$(TARGET_NAME)";
				SWIFT_VERSION = 4.0;
				TARGETED_DEVICE_FAMILY = "1,2";
			};
			name = Debug;
		};
		5DF06C831F96467200056B76 /* Release */ = {
			isa = XCBuildConfiguration;
			buildSettings = {
				ALWAYS_EMBED_SWIFT_STANDARD_LIBRARIES = YES;
				ASSETCATALOG_COMPILER_APPICON_NAME = AppIcon;
				CODE_SIGN_STYLE = Automatic;
				INFOPLIST_FILE = "SQLite prueba/Info.plist";
				LD_RUNPATH_SEARCH_PATHS = "$(inherited) @executable_path/Frameworks";
				PRODUCT_BUNDLE_IDENTIFIER = "fff.SQLite-prueba";
				PRODUCT_NAME = "$(TARGET_NAME)";
				SWIFT_VERSION = 4.0;
				TARGETED_DEVICE_FAMILY = "1,2";
			};
			name = Release;
		};
		5DF06C851F96467200056B76 /* Debug */ = {
			isa = XCBuildConfiguration;
			buildSettings = {
				ALWAYS_EMBED_SWIFT_STANDARD_LIBRARIES = YES;
				BUNDLE_LOADER = "$(TEST_HOST)";
				CODE_SIGN_STYLE = Automatic;
				INFOPLIST_FILE = "SQLite pruebaTests/Info.plist";
				LD_RUNPATH_SEARCH_PATHS = "$(inherited) @executable_path/Frameworks @loader_path/Frameworks";
				PRODUCT_BUNDLE_IDENTIFIER = "fff.SQLite-pruebaTests";
				PRODUCT_NAME = "$(TARGET_NAME)";
				SWIFT_VERSION = 4.0;
				TARGETED_DEVICE_FAMILY = "1,2";
				TEST_HOST = "$(BUILT_PRODUCTS_DIR)/SQLite prueba.app/SQLite prueba";
			};
			name = Debug;
		};
		5DF06C861F96467200056B76 /* Release */ = {
			isa = XCBuildConfiguration;
			buildSettings = {
				ALWAYS_EMBED_SWIFT_STANDARD_LIBRARIES = YES;
				BUNDLE_LOADER = "$(TEST_HOST)";
				CODE_SIGN_STYLE = Automatic;
				INFOPLIST_FILE = "SQLite pruebaTests/Info.plist";
				LD_RUNPATH_SEARCH_PATHS = "$(inherited) @executable_path/Frameworks @loader_path/Frameworks";
				PRODUCT_BUNDLE_IDENTIFIER = "fff.SQLite-pruebaTests";
				PRODUCT_NAME = "$(TARGET_NAME)";
				SWIFT_VERSION = 4.0;
				TARGETED_DEVICE_FAMILY = "1,2";
				TEST_HOST = "$(BUILT_PRODUCTS_DIR)/SQLite prueba.app/SQLite prueba";
			};
			name = Release;
		};
		5DF06C881F96467200056B76 /* Debug */ = {
			isa = XCBuildConfiguration;
			buildSettings = {
				ALWAYS_EMBED_SWIFT_STANDARD_LIBRARIES = YES;
				CODE_SIGN_STYLE = Automatic;
				INFOPLIST_FILE = "SQLite pruebaUITests/Info.plist";
				LD_RUNPATH_SEARCH_PATHS = "$(inherited) @executable_path/Frameworks @loader_path/Frameworks";
				PRODUCT_BUNDLE_IDENTIFIER = "fff.SQLite-pruebaUITests";
				PRODUCT_NAME = "$(TARGET_NAME)";
				SWIFT_VERSION = 4.0;
				TARGETED_DEVICE_FAMILY = "1,2";
				TEST_TARGET_NAME = "SQLite prueba";
			};
			name = Debug;
		};
		5DF06C891F96467200056B76 /* Release */ = {
			isa = XCBuildConfiguration;
			buildSettings = {
				ALWAYS_EMBED_SWIFT_STANDARD_LIBRARIES = YES;
				CODE_SIGN_STYLE = Automatic;
				INFOPLIST_FILE = "SQLite pruebaUITests/Info.plist";
				LD_RUNPATH_SEARCH_PATHS = "$(inherited) @executable_path/Frameworks @loader_path/Frameworks";
				PRODUCT_BUNDLE_IDENTIFIER = "fff.SQLite-pruebaUITests";
				PRODUCT_NAME = "$(TARGET_NAME)";
				SWIFT_VERSION = 4.0;
				TARGETED_DEVICE_FAMILY = "1,2";
				TEST_TARGET_NAME = "SQLite prueba";
			};
			name = Release;
		};
/* End XCBuildConfiguration section */

/* Begin XCConfigurationList section */
		5DF06C541F96467100056B76 /* Build configuration list for PBXProject "SQLite prueba" */ = {
			isa = XCConfigurationList;
			buildConfigurations = (
				5DF06C7F1F96467200056B76 /* Debug */,
				5DF06C801F96467200056B76 /* Release */,
			);
			defaultConfigurationIsVisible = 0;
			defaultConfigurationName = Release;
		};
		5DF06C811F96467200056B76 /* Build configuration list for PBXNativeTarget "SQLite prueba" */ = {
			isa = XCConfigurationList;
			buildConfigurations = (
				5DF06C821F96467200056B76 /* Debug */,
				5DF06C831F96467200056B76 /* Release */,
			);
			defaultConfigurationIsVisible = 0;
			defaultConfigurationName = Release;
		};
		5DF06C841F96467200056B76 /* Build configuration list for PBXNativeTarget "SQLite pruebaTests" */ = {
			isa = XCConfigurationList;
			buildConfigurations = (
				5DF06C851F96467200056B76 /* Debug */,
				5DF06C861F96467200056B76 /* Release */,
			);
			defaultConfigurationIsVisible = 0;
			defaultConfigurationName = Release;
		};
		5DF06C871F96467200056B76 /* Build configuration list for PBXNativeTarget "SQLite pruebaUITests" */ = {
			isa = XCConfigurationList;
			buildConfigurations = (
				5DF06C881F96467200056B76 /* Debug */,
				5DF06C891F96467200056B76 /* Release */,
			);
			defaultConfigurationIsVisible = 0;
			defaultConfigurationName = Release;
		};
/* End XCConfigurationList section */
	};
	rootObject = 5DF06C511F96467100056B76 /* Project object */;
}
